
Microsoft Visual Studio Solution File, Format Version 12.00
# Visual Studio Version 17
VisualStudioVersion = 17.14.36301.6 d17.14
MinimumVisualStudioVersion = 10.0.40219.1
Project("{FAE04EC0-301F-11D3-BF4B-00C04F79EFBC}") = "ContactsPresentationLayer", "ContactsPresentationLayer\ContactsPresentationLayer.csproj", "{D380C979-481A-4F00-88D1-69FD710E0C09}"
EndProject
Project("{FAE04EC0-301F-11D3-BF4B-00C04F79EFBC}") = "ContactsBusinessLayer", "ContactsBusinessLayer\ContactsBusinessLayer.csproj", "{99F9BB46-FB51-4912-8DDF-6518E59AA050}"
EndProject
Project("{FAE04EC0-301F-11D3-BF4B-00C04F79EFBC}") = "ContactsDataAccessLayer", "ContactsDataAccessLayer\ContactsDataAccessLayer.csproj", "{6D2A7000-C17E-4E84-8686-E11ED644A894}"
EndProject
Global
	GlobalSection(SolutionConfigurationPlatforms) = preSolution
		Debug|Any CPU = Debug|Any CPU
		Release|Any CPU = Release|Any CPU
	EndGlobalSection
	GlobalSection(ProjectConfigurationPlatforms) = postSolution
		{D380C979-481A-4F00-88D1-69FD710E0C09}.Debug|Any CPU.ActiveCfg = Debug|Any CPU
		{D380C979-481A-4F00-88D1-69FD710E0C09}.Debug|Any CPU.Build.0 = Debug|Any CPU
		{D380C979-481A-4F00-88D1-69FD710E0C09}.Release|Any CPU.ActiveCfg = Release|Any CPU
		{D380C979-481A-4F00-88D1-69FD710E0C09}.Release|Any CPU.Build.0 = Release|Any CPU
		{99F9BB46-FB51-4912-8DDF-6518E59AA050}.Debug|Any CPU.ActiveCfg = Debug|Any CPU
		{99F9BB46-FB51-4912-8DDF-6518E59AA050}.Debug|Any CPU.Build.0 = Debug|Any CPU
		{99F9BB46-FB51-4912-8DDF-6518E59AA050}.Release|Any CPU.ActiveCfg = Release|Any CPU
		{99F9BB46-FB51-4912-8DDF-6518E59AA050}.Release|Any CPU.Build.0 = Release|Any CPU
		{6D2A7000-C17E-4E84-8686-E11ED644A894}.Debug|Any CPU.ActiveCfg = Debug|Any CPU
		{6D2A7000-C17E-4E84-8686-E11ED644A894}.Debug|Any CPU.Build.0 = Debug|Any CPU
		{6D2A7000-C17E-4E84-8686-E11ED644A894}.Release|Any CPU.ActiveCfg = Release|Any CPU
		{6D2A7000-C17E-4E84-8686-E11ED644A894}.Release|Any CPU.Build.0 = Release|Any CPU
	EndGlobalSection
	GlobalSection(SolutionProperties) = preSolution
		HideSolutionNode = FALSE
	EndGlobalSection
	GlobalSection(ExtensibilityGlobals) = postSolution
		SolutionGuid = {1E838243-0F72-4248-A9D8-DAB1D750E72D}
	EndGlobalSection
EndGlobal
